
Microsoft Visual Studio Solution File, Format Version 12.00
# Visual Studio 15
VisualStudioVersion = 15.0.28010.2050
MinimumVisualStudioVersion = 10.0.40219.1
Project("{888888A0-9F3D-457C-B088-3A5042F75D52}") = "Mid_Term_API", "Mid_Term_API\Mid_Term_API.pyproj", "{908FA9CC-CBEF-42E9-AA37-D356FC9A4896}"
EndProject
Global
	GlobalSection(SolutionConfigurationPlatforms) = preSolution
		Debug|Any CPU = Debug|Any CPU
		Release|Any CPU = Release|Any CPU
	EndGlobalSection
	GlobalSection(ProjectConfigurationPlatforms) = postSolution
		{908FA9CC-CBEF-42E9-AA37-D356FC9A4896}.Debug|Any CPU.ActiveCfg = Debug|Any CPU
		{908FA9CC-CBEF-42E9-AA37-D356FC9A4896}.Debug|Any CPU.Build.0 = Debug|Any CPU
		{908FA9CC-CBEF-42E9-AA37-D356FC9A4896}.Release|Any CPU.ActiveCfg = Release|Any CPU
		{908FA9CC-CBEF-42E9-AA37-D356FC9A4896}.Release|Any CPU.Build.0 = Release|Any CPU
	EndGlobalSection
	GlobalSection(SolutionProperties) = preSolution
		HideSolutionNode = FALSE
	EndGlobalSection
	GlobalSection(ExtensibilityGlobals) = postSolution
		SolutionGuid = {B891EC8B-A1B2-40D1-A606-25F937FDEFD0}
	EndGlobalSection
EndGlobal
